
Microsoft Visual Studio Solution File, Format Version 12.00
# Visual Studio Version 17
VisualStudioVersion = 17.9.34728.123
MinimumVisualStudioVersion = 10.0.40219.1
Project("{FAE04EC0-301F-11D3-BF4B-00C04F79EFBC}") = "lab2", "lab2\lab2.csproj", "{A0B56D69-45BC-4231-8F15-C0E2B3AA4ECD}"
EndProject
Project("{FAE04EC0-301F-11D3-BF4B-00C04F79EFBC}") = "async", "async\async.csproj", "{92EDB1D0-F7B6-44AB-9533-BDB4A6FB3D13}"
EndProject
Project("{FAE04EC0-301F-11D3-BF4B-00C04F79EFBC}") = "notasync", "notasync\notasync.csproj", "{EE2A52F1-828E-443C-8F07-EEF2E4984C1B}"
EndProject
Global
	GlobalSection(SolutionConfigurationPlatforms) = preSolution
		Debug|Any CPU = Debug|Any CPU
		Release|Any CPU = Release|Any CPU
	EndGlobalSection
	GlobalSection(ProjectConfigurationPlatforms) = postSolution
		{A0B56D69-45BC-4231-8F15-C0E2B3AA4ECD}.Debug|Any CPU.ActiveCfg = Debug|Any CPU
		{A0B56D69-45BC-4231-8F15-C0E2B3AA4ECD}.Debug|Any CPU.Build.0 = Debug|Any CPU
		{A0B56D69-45BC-4231-8F15-C0E2B3AA4ECD}.Release|Any CPU.ActiveCfg = Release|Any CPU
		{A0B56D69-45BC-4231-8F15-C0E2B3AA4ECD}.Release|Any CPU.Build.0 = Release|Any CPU
		{92EDB1D0-F7B6-44AB-9533-BDB4A6FB3D13}.Debug|Any CPU.ActiveCfg = Debug|Any CPU
		{92EDB1D0-F7B6-44AB-9533-BDB4A6FB3D13}.Debug|Any CPU.Build.0 = Debug|Any CPU
		{92EDB1D0-F7B6-44AB-9533-BDB4A6FB3D13}.Release|Any CPU.ActiveCfg = Release|Any CPU
		{92EDB1D0-F7B6-44AB-9533-BDB4A6FB3D13}.Release|Any CPU.Build.0 = Release|Any CPU
		{EE2A52F1-828E-443C-8F07-EEF2E4984C1B}.Debug|Any CPU.ActiveCfg = Debug|Any CPU
		{EE2A52F1-828E-443C-8F07-EEF2E4984C1B}.Debug|Any CPU.Build.0 = Debug|Any CPU
		{EE2A52F1-828E-443C-8F07-EEF2E4984C1B}.Release|Any CPU.ActiveCfg = Release|Any CPU
		{EE2A52F1-828E-443C-8F07-EEF2E4984C1B}.Release|Any CPU.Build.0 = Release|Any CPU
	EndGlobalSection
	GlobalSection(SolutionProperties) = preSolution
		HideSolutionNode = FALSE
	EndGlobalSection
	GlobalSection(ExtensibilityGlobals) = postSolution
		SolutionGuid = {B429C8DC-C8F1-4E74-88A6-B8A956CA1BC5}
	EndGlobalSection
EndGlobal
